
Microsoft Visual Studio Solution File, Format Version 12.00
# Visual Studio Version 17
VisualStudioVersion = 17.1.32210.238
MinimumVisualStudioVersion = 10.0.40219.1
Project("{FAE04EC0-301F-11D3-BF4B-00C04F79EFBC}") = "AdministrationPart", "AdministrationPart\AdministrationPart.csproj", "{7ACED6B2-AA47-4939-AE7B-F9EA46D8DF87}"
EndProject
Project("{FAE04EC0-301F-11D3-BF4B-00C04F79EFBC}") = "RwaUtilities", "RwaUtilities\RwaUtilities.csproj", "{0DFC7313-9173-48C3-8EAD-FB579E3CF65B}"
EndProject
Project("{FAE04EC0-301F-11D3-BF4B-00C04F79EFBC}") = "PublicPart", "PublicPart\PublicPart.csproj", "{35425374-15A3-4EE8-B35A-DC0BD4F8E507}"
EndProject
Global
	GlobalSection(SolutionConfigurationPlatforms) = preSolution
		Debug|Any CPU = Debug|Any CPU
		Release|Any CPU = Release|Any CPU
	EndGlobalSection
	GlobalSection(ProjectConfigurationPlatforms) = postSolution
		{7ACED6B2-AA47-4939-AE7B-F9EA46D8DF87}.Debug|Any CPU.ActiveCfg = Debug|Any CPU
		{7ACED6B2-AA47-4939-AE7B-F9EA46D8DF87}.Debug|Any CPU.Build.0 = Debug|Any CPU
		{7ACED6B2-AA47-4939-AE7B-F9EA46D8DF87}.Release|Any CPU.ActiveCfg = Release|Any CPU
		{7ACED6B2-AA47-4939-AE7B-F9EA46D8DF87}.Release|Any CPU.Build.0 = Release|Any CPU
		{0DFC7313-9173-48C3-8EAD-FB579E3CF65B}.Debug|Any CPU.ActiveCfg = Debug|Any CPU
		{0DFC7313-9173-48C3-8EAD-FB579E3CF65B}.Debug|Any CPU.Build.0 = Debug|Any CPU
		{0DFC7313-9173-48C3-8EAD-FB579E3CF65B}.Release|Any CPU.ActiveCfg = Release|Any CPU
		{0DFC7313-9173-48C3-8EAD-FB579E3CF65B}.Release|Any CPU.Build.0 = Release|Any CPU
		{35425374-15A3-4EE8-B35A-DC0BD4F8E507}.Debug|Any CPU.ActiveCfg = Debug|Any CPU
		{35425374-15A3-4EE8-B35A-DC0BD4F8E507}.Debug|Any CPU.Build.0 = Debug|Any CPU
		{35425374-15A3-4EE8-B35A-DC0BD4F8E507}.Release|Any CPU.ActiveCfg = Release|Any CPU
		{35425374-15A3-4EE8-B35A-DC0BD4F8E507}.Release|Any CPU.Build.0 = Release|Any CPU
	EndGlobalSection
	GlobalSection(SolutionProperties) = preSolution
		HideSolutionNode = FALSE
	EndGlobalSection
	GlobalSection(ExtensibilityGlobals) = postSolution
		SolutionGuid = {62CB516D-0091-4D64-944A-A2475A6AF7EE}
	EndGlobalSection
EndGlobal
